// !$*UTF8*$!
{
	archiveVersion = 1;
	classes = {
	};
	objectVersion = 50;
	objects = {

/* Begin PBXBuildFile section */
		5E3081C4220E972800CE8A62 /* Constants.swift in Sources */ = {isa = PBXBuildFile; fileRef = 5E3081C3220E972800CE8A62 /* Constants.swift */; };
		5E61E8AA220F7B7F00CA1728 /* MenuVC.swift in Sources */ = {isa = PBXBuildFile; fileRef = 5E61E8A9220F7B7F00CA1728 /* MenuVC.swift */; };
		5E61E8AC220FCBFD00CA1728 /* Species.swift in Sources */ = {isa = PBXBuildFile; fileRef = 5E61E8AB220FCBFD00CA1728 /* Species.swift */; };
		5E61E8AE220FE67300CA1728 /* SpeciesVC.swift in Sources */ = {isa = PBXBuildFile; fileRef = 5E61E8AD220FE67300CA1728 /* SpeciesVC.swift */; };
		5E61E8B0220FE6A600CA1728 /* SpeciesCell.swift in Sources */ = {isa = PBXBuildFile; fileRef = 5E61E8AF220FE6A600CA1728 /* SpeciesCell.swift */; };
		5E647028220EA0A700FA9D1F /* MenuCell.swift in Sources */ = {isa = PBXBuildFile; fileRef = 5E647027220EA0A700FA9D1F /* MenuCell.swift */; };
		5E64702A220EA14900FA9D1F /* Resources.swift in Sources */ = {isa = PBXBuildFile; fileRef = 5E647029220EA14900FA9D1F /* Resources.swift */; };
		5E64702C220EA8C200FA9D1F /* PeopleVC.swift in Sources */ = {isa = PBXBuildFile; fileRef = 5E64702B220EA8C200FA9D1F /* PeopleVC.swift */; };
		5E709258220E8F98003EEF81 /* AppDelegate.swift in Sources */ = {isa = PBXBuildFile; fileRef = 5E709257220E8F98003EEF81 /* AppDelegate.swift */; };
		5E70925D220E8F98003EEF81 /* Main.storyboard in Resources */ = {isa = PBXBuildFile; fileRef = 5E70925B220E8F98003EEF81 /* Main.storyboard */; };
		5E70925F220E8F99003EEF81 /* Assets.xcassets in Resources */ = {isa = PBXBuildFile; fileRef = 5E70925E220E8F99003EEF81 /* Assets.xcassets */; };
		5E709262220E8F99003EEF81 /* LaunchScreen.storyboard in Resources */ = {isa = PBXBuildFile; fileRef = 5E709260220E8F99003EEF81 /* LaunchScreen.storyboard */; };
		5EA4F1CC220EB7F700334B8C /* PeopleCell.swift in Sources */ = {isa = PBXBuildFile; fileRef = 5EA4F1CB220EB7F700334B8C /* PeopleCell.swift */; };
		DD45F3E90E4A0F8F6C753351 /* Pods_StarWarsSearch.framework in Frameworks */ = {isa = PBXBuildFile; fileRef = A6C343DD3E0123F9E3846B91 /* Pods_StarWarsSearch.framework */; };
/* End PBXBuildFile section */

/* Begin PBXFileReference section */
		3025425A7048F3966893020B /* Pods-StarWarsSearch.release.xcconfig */ = {isa = PBXFileReference; includeInIndex = 1; lastKnownFileType = text.xcconfig; name = "Pods-StarWarsSearch.release.xcconfig"; path = "Pods/Target Support Files/Pods-StarWarsSearch/Pods-StarWarsSearch.release.xcconfig"; sourceTree = "<group>"; };
		5E3081C3220E972800CE8A62 /* Constants.swift */ = {isa = PBXFileReference; lastKnownFileType = sourcecode.swift; path = Constants.swift; sourceTree = "<group>"; };
		5E61E8A9220F7B7F00CA1728 /* MenuVC.swift */ = {isa = PBXFileReference; lastKnownFileType = sourcecode.swift; name = MenuVC.swift; path = /Users/zachcervi/Documents/StarWarsSearch/StarWarsSearch/Controller/MenuVC.swift; sourceTree = "<absolute>"; };
		5E61E8AB220FCBFD00CA1728 /* Species.swift */ = {isa = PBXFileReference; lastKnownFileType = sourcecode.swift; path = Species.swift; sourceTree = "<group>"; };
		5E61E8AD220FE67300CA1728 /* SpeciesVC.swift */ = {isa = PBXFileReference; lastKnownFileType = sourcecode.swift; path = SpeciesVC.swift; sourceTree = "<group>"; };
		5E61E8AF220FE6A600CA1728 /* SpeciesCell.swift */ = {isa = PBXFileReference; lastKnownFileType = sourcecode.swift; path = SpeciesCell.swift; sourceTree = "<group>"; };
		5E647027220EA0A700FA9D1F /* MenuCell.swift */ = {isa = PBXFileReference; lastKnownFileType = sourcecode.swift; path = MenuCell.swift; sourceTree = "<group>"; };
		5E647029220EA14900FA9D1F /* Resources.swift */ = {isa = PBXFileReference; lastKnownFileType = sourcecode.swift; path = Resources.swift; sourceTree = "<group>"; };
		5E64702B220EA8C200FA9D1F /* PeopleVC.swift */ = {isa = PBXFileReference; lastKnownFileType = sourcecode.swift; path = PeopleVC.swift; sourceTree = "<group>"; };
		5E709254220E8F98003EEF81 /* StarWarsSearch.app */ = {isa = PBXFileReference; explicitFileType = wrapper.application; includeInIndex = 0; path = StarWarsSearch.app; sourceTree = BUILT_PRODUCTS_DIR; };
		5E709257220E8F98003EEF81 /* AppDelegate.swift */ = {isa = PBXFileReference; lastKnownFileType = sourcecode.swift; path = AppDelegate.swift; sourceTree = "<group>"; };
		5E70925C220E8F98003EEF81 /* Base */ = {isa = PBXFileReference; lastKnownFileType = file.storyboard; name = Base; path = Base.lproj/Main.storyboard; sourceTree = "<group>"; };
		5E70925E220E8F99003EEF81 /* Assets.xcassets */ = {isa = PBXFileReference; lastKnownFileType = folder.assetcatalog; path = Assets.xcassets; sourceTree = "<group>"; };
		5E709261220E8F99003EEF81 /* Base */ = {isa = PBXFileReference; lastKnownFileType = file.storyboard; name = Base; path = Base.lproj/LaunchScreen.storyboard; sourceTree = "<group>"; };
		5E709263220E8F99003EEF81 /* Info.plist */ = {isa = PBXFileReference; lastKnownFileType = text.plist.xml; path = Info.plist; sourceTree = "<group>"; };
		5EA4F1CB220EB7F700334B8C /* PeopleCell.swift */ = {isa = PBXFileReference; lastKnownFileType = sourcecode.swift; path = PeopleCell.swift; sourceTree = "<group>"; };
		A6C343DD3E0123F9E3846B91 /* Pods_StarWarsSearch.framework */ = {isa = PBXFileReference; explicitFileType = wrapper.framework; includeInIndex = 0; path = Pods_StarWarsSearch.framework; sourceTree = BUILT_PRODUCTS_DIR; };
		FBC534FA54A7F13D45E5CF18 /* Pods-StarWarsSearch.debug.xcconfig */ = {isa = PBXFileReference; includeInIndex = 1; lastKnownFileType = text.xcconfig; name = "Pods-StarWarsSearch.debug.xcconfig"; path = "Pods/Target Support Files/Pods-StarWarsSearch/Pods-StarWarsSearch.debug.xcconfig"; sourceTree = "<group>"; };
/* End PBXFileReference section */

/* Begin PBXFrameworksBuildPhase section */
		5E709251220E8F98003EEF81 /* Frameworks */ = {
			isa = PBXFrameworksBuildPhase;
			buildActionMask = 2147483647;
			files = (
				DD45F3E90E4A0F8F6C753351 /* Pods_StarWarsSearch.framework in Frameworks */,
			);
			runOnlyForDeploymentPostprocessing = 0;
		};
/* End PBXFrameworksBuildPhase section */

/* Begin PBXGroup section */
		32F4C3E98DA017D2E0B4E627 /* Pods */ = {
			isa = PBXGroup;
			children = (
				FBC534FA54A7F13D45E5CF18 /* Pods-StarWarsSearch.debug.xcconfig */,
				3025425A7048F3966893020B /* Pods-StarWarsSearch.release.xcconfig */,
			);
			name = Pods;
			sourceTree = "<group>";
		};
		5E3081BF220E942000CE8A62 /* Controller */ = {
			isa = PBXGroup;
			children = (
				5E61E8A9220F7B7F00CA1728 /* MenuVC.swift */,
				5E64702B220EA8C200FA9D1F /* PeopleVC.swift */,
				5E61E8AD220FE67300CA1728 /* SpeciesVC.swift */,
			);
			path = Controller;
			sourceTree = "<group>";
		};
		5E3081C0220E942700CE8A62 /* View */ = {
			isa = PBXGroup;
			children = (
				5E647027220EA0A700FA9D1F /* MenuCell.swift */,
				5EA4F1CB220EB7F700334B8C /* PeopleCell.swift */,
				5E61E8AF220FE6A600CA1728 /* SpeciesCell.swift */,
			);
			path = View;
			sourceTree = "<group>";
		};
		5E3081C1220E942D00CE8A62 /* Model */ = {
			isa = PBXGroup;
			children = (
				5E647029220EA14900FA9D1F /* Resources.swift */,
				5E61E8AB220FCBFD00CA1728 /* Species.swift */,
			);
			path = Model;
			sourceTree = "<group>";
		};
		5E3081C2220E943A00CE8A62 /* Constants */ = {
			isa = PBXGroup;
			children = (
				5E3081C3220E972800CE8A62 /* Constants.swift */,
			);
			path = Constants;
			sourceTree = "<group>";
		};
		5E70924B220E8F98003EEF81 = {
			isa = PBXGroup;
			children = (
				5E709256220E8F98003EEF81 /* StarWarsSearch */,
				5E709255220E8F98003EEF81 /* Products */,
				32F4C3E98DA017D2E0B4E627 /* Pods */,
				FD49FB90C55E4369FD5C8C2D /* Frameworks */,
			);
			sourceTree = "<group>";
		};
		5E709255220E8F98003EEF81 /* Products */ = {
			isa = PBXGroup;
			children = (
				5E709254220E8F98003EEF81 /* StarWarsSearch.app */,
			);
			name = Products;
			sourceTree = "<group>";
		};
		5E709256220E8F98003EEF81 /* StarWarsSearch */ = {
			isa = PBXGroup;
			children = (
				5E3081C2220E943A00CE8A62 /* Constants */,
				5E3081C1220E942D00CE8A62 /* Model */,
				5E3081C0220E942700CE8A62 /* View */,
				5E3081BF220E942000CE8A62 /* Controller */,
				5E709257220E8F98003EEF81 /* AppDelegate.swift */,
				5E70925B220E8F98003EEF81 /* Main.storyboard */,
				5E70925E220E8F99003EEF81 /* Assets.xcassets */,
				5E709260220E8F99003EEF81 /* LaunchScreen.storyboard */,
				5E709263220E8F99003EEF81 /* Info.plist */,
			);
			path = StarWarsSearch;
			sourceTree = "<group>";
		};
		FD49FB90C55E4369FD5C8C2D /* Frameworks */ = {
			isa = PBXGroup;
			children = (
				A6C343DD3E0123F9E3846B91 /* Pods_StarWarsSearch.framework */,
			);
			name = Frameworks;
			sourceTree = "<group>";
		};
/* End PBXGroup section */

/* Begin PBXNativeTarget section */
		5E709253220E8F98003EEF81 /* StarWarsSearch */ = {
			isa = PBXNativeTarget;
			buildConfigurationList = 5E709266220E8F99003EEF81 /* Build configuration list for PBXNativeTarget "StarWarsSearch" */;
			buildPhases = (
				FB910BABA9F1737538653E5E /* [CP] Check Pods Manifest.lock */,
				5E709250220E8F98003EEF81 /* Sources */,
				5E709251220E8F98003EEF81 /* Frameworks */,
				5E709252220E8F98003EEF81 /* Resources */,
				A3B237705DD946B657691E0E /* [CP] Embed Pods Frameworks */,
			);
			buildRules = (
			);
			dependencies = (
			);
			name = StarWarsSearch;
			productName = StarWarsSearch;
			productReference = 5E709254220E8F98003EEF81 /* StarWarsSearch.app */;
			productType = "com.apple.product-type.application";
		};
/* End PBXNativeTarget section */

/* Begin PBXProject section */
		5E70924C220E8F98003EEF81 /* Project object */ = {
			isa = PBXProject;
			attributes = {
				LastSwiftUpdateCheck = 1010;
				LastUpgradeCheck = 1010;
				ORGANIZATIONNAME = "Zach Cervi";
				TargetAttributes = {
					5E709253220E8F98003EEF81 = {
						CreatedOnToolsVersion = 10.1;
					};
				};
			};
			buildConfigurationList = 5E70924F220E8F98003EEF81 /* Build configuration list for PBXProject "StarWarsSearch" */;
			compatibilityVersion = "Xcode 9.3";
			developmentRegion = en;
			hasScannedForEncodings = 0;
			knownRegions = (
				en,
				Base,
			);
			mainGroup = 5E70924B220E8F98003EEF81;
			productRefGroup = 5E709255220E8F98003EEF81 /* Products */;
			projectDirPath = "";
			projectRoot = "";
			targets = (
				5E709253220E8F98003EEF81 /* StarWarsSearch */,
			);
		};
/* End PBXProject section */

/* Begin PBXResourcesBuildPhase section */
		5E709252220E8F98003EEF81 /* Resources */ = {
			isa = PBXResourcesBuildPhase;
			buildActionMask = 2147483647;
			files = (
				5E709262220E8F99003EEF81 /* LaunchScreen.storyboard in Resources */,
				5E70925F220E8F99003EEF81 /* Assets.xcassets in Resources */,
				5E70925D220E8F98003EEF81 /* Main.storyboard in Resources */,
			);
			runOnlyForDeploymentPostprocessing = 0;
		};
/* End PBXResourcesBuildPhase section */

/* Begin PBXShellScriptBuildPhase section */
		A3B237705DD946B657691E0E /* [CP] Embed Pods Frameworks */ = {
			isa = PBXShellScriptBuildPhase;
			buildActionMask = 2147483647;
			files = (
			);
			inputPaths = (
				"${SRCROOT}/Pods/Target Support Files/Pods-StarWarsSearch/Pods-StarWarsSearch-frameworks.sh",
				"${BUILT_PRODUCTS_DIR}/Alamofire/Alamofire.framework",
				"${BUILT_PRODUCTS_DIR}/SwiftyJSON/SwiftyJSON.framework",
			);
			name = "[CP] Embed Pods Frameworks";
			outputPaths = (
				"${TARGET_BUILD_DIR}/${FRAMEWORKS_FOLDER_PATH}/Alamofire.framework",
				"${TARGET_BUILD_DIR}/${FRAMEWORKS_FOLDER_PATH}/SwiftyJSON.framework",
			);
			runOnlyForDeploymentPostprocessing = 0;
			shellPath = /bin/sh;
			shellScript = "\"${SRCROOT}/Pods/Target Support Files/Pods-StarWarsSearch/Pods-StarWarsSearch-frameworks.sh\"\n";
			showEnvVarsInLog = 0;
		};
		FB910BABA9F1737538653E5E /* [CP] Check Pods Manifest.lock */ = {
			isa = PBXShellScriptBuildPhase;
			buildActionMask = 2147483647;
			files = (
			);
			inputPaths = (
				"${PODS_PODFILE_DIR_PATH}/Podfile.lock",
				"${PODS_ROOT}/Manifest.lock",
			);
			name = "[CP] Check Pods Manifest.lock";
			outputPaths = (
				"$(DERIVED_FILE_DIR)/Pods-StarWarsSearch-checkManifestLockResult.txt",
			);
			runOnlyForDeploymentPostprocessing = 0;
			shellPath = /bin/sh;
			shellScript = "diff \"${PODS_PODFILE_DIR_PATH}/Podfile.lock\" \"${PODS_ROOT}/Manifest.lock\" > /dev/null\nif [ $? != 0 ] ; then\n    # print error to STDERR\n    echo \"error: The sandbox is not in sync with the Podfile.lock. Run 'pod install' or update your CocoaPods installation.\" >&2\n    exit 1\nfi\n# This output is used by Xcode 'outputs' to avoid re-running this script phase.\necho \"SUCCESS\" > \"${SCRIPT_OUTPUT_FILE_0}\"\n";
			showEnvVarsInLog = 0;
		};
/* End PBXShellScriptBuildPhase section */

/* Begin PBXSourcesBuildPhase section */
		5E709250220E8F98003EEF81 /* Sources */ = {
			isa = PBXSourcesBuildPhase;
			buildActionMask = 2147483647;
			files = (
				5EA4F1CC220EB7F700334B8C /* PeopleCell.swift in Sources */,
				5E64702C220EA8C200FA9D1F /* PeopleVC.swift in Sources */,
				5E709258220E8F98003EEF81 /* AppDelegate.swift in Sources */,
				5E647028220EA0A700FA9D1F /* MenuCell.swift in Sources */,
				5E61E8AC220FCBFD00CA1728 /* Species.swift in Sources */,
				5E61E8AA220F7B7F00CA1728 /* MenuVC.swift in Sources */,
				5E61E8B0220FE6A600CA1728 /* SpeciesCell.swift in Sources */,
				5E61E8AE220FE67300CA1728 /* SpeciesVC.swift in Sources */,
				5E64702A220EA14900FA9D1F /* Resources.swift in Sources */,
				5E3081C4220E972800CE8A62 /* Constants.swift in Sources */,
			);
			runOnlyForDeploymentPostprocessing = 0;
		};
/* End PBXSourcesBuildPhase section */

/* Begin PBXVariantGroup section */
		5E70925B220E8F98003EEF81 /* Main.storyboard */ = {
			isa = PBXVariantGroup;
			children = (
				5E70925C220E8F98003EEF81 /* Base */,
			);
			name = Main.storyboard;
			sourceTree = "<group>";
		};
		5E709260220E8F99003EEF81 /* LaunchScreen.storyboard */ = {
			isa = PBXVariantGroup;
			children = (
				5E709261220E8F99003EEF81 /* Base */,
			);
			name = LaunchScreen.storyboard;
			sourceTree = "<group>";
		};
/* End PBXVariantGroup section */

/* Begin XCBuildConfiguration section */
		5E709264220E8F99003EEF81 /* Debug */ = {
			isa = XCBuildConfiguration;
			buildSettings = {
				ALWAYS_SEARCH_USER_PATHS = NO;
				CLANG_ANALYZER_NONNULL = YES;
				CLANG_ANALYZER_NUMBER_OBJECT_CONVERSION = YES_AGGRESSIVE;
				CLANG_CXX_LANGUAGE_STANDARD = "gnu++14";
				CLANG_CXX_LIBRARY = "libc++";
				CLANG_ENABLE_MODULES = YES;
				CLANG_ENABLE_OBJC_ARC = YES;
				CLANG_ENABLE_OBJC_WEAK = YES;
				CLANG_WARN_BLOCK_CAPTURE_AUTORELEASING = YES;
				CLANG_WARN_BOOL_CONVERSION = YES;
				CLANG_WARN_COMMA = YES;
				CLANG_WARN_CONSTANT_CONVERSION = YES;
				CLANG_WARN_DEPRECATED_OBJC_IMPLEMENTATIONS = YES;
				CLANG_WARN_DIRECT_OBJC_ISA_USAGE = YES_ERROR;
				CLANG_WARN_DOCUMENTATION_COMMENTS = YES;
				CLANG_WARN_EMPTY_BODY = YES;
				CLANG_WARN_ENUM_CONVERSION = YES;
				CLANG_WARN_INFINITE_RECURSION = YES;
				CLANG_WARN_INT_CONVERSION = YES;
				CLANG_WARN_NON_LITERAL_NULL_CONVERSION = YES;
				CLANG_WARN_OBJC_IMPLICIT_RETAIN_SELF = YES;
				CLANG_WARN_OBJC_LITERAL_CONVERSION = YES;
				CLANG_WARN_OBJC_ROOT_CLASS = YES_ERROR;
				CLANG_WARN_RANGE_LOOP_ANALYSIS = YES;
				CLANG_WARN_STRICT_PROTOTYPES = YES;
				CLANG_WARN_SUSPICIOUS_MOVE = YES;
				CLANG_WARN_UNGUARDED_AVAILABILITY = YES_AGGRESSIVE;
				CLANG_WARN_UNREACHABLE_CODE = YES;
				CLANG_WARN__DUPLICATE_METHOD_MATCH = YES;
				CODE_SIGN_IDENTITY = "iPhone Developer";
				COPY_PHASE_STRIP = NO;
				DEBUG_INFORMATION_FORMAT = dwarf;
				ENABLE_STRICT_OBJC_MSGSEND = YES;
				ENABLE_TESTABILITY = YES;
				GCC_C_LANGUAGE_STANDARD = gnu11;
				GCC_DYNAMIC_NO_PIC = NO;
				GCC_NO_COMMON_BLOCKS = YES;
				GCC_OPTIMIZATION_LEVEL = 0;
				GCC_PREPROCESSOR_DEFINITIONS = (
					"DEBUG=1",
					"$(inherited)",
				);
				GCC_WARN_64_TO_32_BIT_CONVERSION = YES;
				GCC_WARN_ABOUT_RETURN_TYPE = YES_ERROR;
				GCC_WARN_UNDECLARED_SELECTOR = YES;
				GCC_WARN_UNINITIALIZED_AUTOS = YES_AGGRESSIVE;
				GCC_WARN_UNUSED_FUNCTION = YES;
				GCC_WARN_UNUSED_VARIABLE = YES;
				IPHONEOS_DEPLOYMENT_TARGET = 12.1;
				MTL_ENABLE_DEBUG_INFO = INCLUDE_SOURCE;
				MTL_FAST_MATH = YES;
				ONLY_ACTIVE_ARCH = YES;
				SDKROOT = iphoneos;
				SWIFT_ACTIVE_COMPILATION_CONDITIONS = DEBUG;
				SWIFT_OPTIMIZATION_LEVEL = "-Onone";
			};
			name = Debug;
		};
		5E709265220E8F99003EEF81 /* Release */ = {
			isa = XCBuildConfiguration;
			buildSettings = {
				ALWAYS_SEARCH_USER_PATHS = NO;
				CLANG_ANALYZER_NONNULL = YES;
				CLANG_ANALYZER_NUMBER_OBJECT_CONVERSION = YES_AGGRESSIVE;
				CLANG_CXX_LANGUAGE_STANDARD = "gnu++14";
				CLANG_CXX_LIBRARY = "libc++";
				CLANG_ENABLE_MODULES = YES;
				CLANG_ENABLE_OBJC_ARC = YES;
				CLANG_ENABLE_OBJC_WEAK = YES;
				CLANG_WARN_BLOCK_CAPTURE_AUTORELEASING = YES;
				CLANG_WARN_BOOL_CONVERSION = YES;
				CLANG_WARN_COMMA = YES;
				CLANG_WARN_CONSTANT_CONVERSION = YES;
				CLANG_WARN_DEPRECATED_OBJC_IMPLEMENTATIONS = YES;
				CLANG_WARN_DIRECT_OBJC_ISA_USAGE = YES_ERROR;
				CLANG_WARN_DOCUMENTATION_COMMENTS = YES;
				CLANG_WARN_EMPTY_BODY = YES;
				CLANG_WARN_ENUM_CONVERSION = YES;
				CLANG_WARN_INFINITE_RECURSION = YES;
				CLANG_WARN_INT_CONVERSION = YES;
				CLANG_WARN_NON_LITERAL_NULL_CONVERSION = YES;
				CLANG_WARN_OBJC_IMPLICIT_RETAIN_SELF = YES;
				CLANG_WARN_OBJC_LITERAL_CONVERSION = YES;
				CLANG_WARN_OBJC_ROOT_CLASS = YES_ERROR;
				CLANG_WARN_RANGE_LOOP_ANALYSIS = YES;
				CLANG_WARN_STRICT_PROTOTYPES = YES;
				CLANG_WARN_SUSPICIOUS_MOVE = YES;
				CLANG_WARN_UNGUARDED_AVAILABILITY = YES_AGGRESSIVE;
				CLANG_WARN_UNREACHABLE_CODE = YES;
				CLANG_WARN__DUPLICATE_METHOD_MATCH = YES;
				CODE_SIGN_IDENTITY = "iPhone Developer";
				COPY_PHASE_STRIP = NO;
				DEBUG_INFORMATION_FORMAT = "dwarf-with-dsym";
				ENABLE_NS_ASSERTIONS = NO;
				ENABLE_STRICT_OBJC_MSGSEND = YES;
				GCC_C_LANGUAGE_STANDARD = gnu11;
				GCC_NO_COMMON_BLOCKS = YES;
				GCC_WARN_64_TO_32_BIT_CONVERSION = YES;
				GCC_WARN_ABOUT_RETURN_TYPE = YES_ERROR;
				GCC_WARN_UNDECLARED_SELECTOR = YES;
				GCC_WARN_UNINITIALIZED_AUTOS = YES_AGGRESSIVE;
				GCC_WARN_UNUSED_FUNCTION = YES;
				GCC_WARN_UNUSED_VARIABLE = YES;
				IPHONEOS_DEPLOYMENT_TARGET = 12.1;
				MTL_ENABLE_DEBUG_INFO = NO;
				MTL_FAST_MATH = YES;
				SDKROOT = iphoneos;
				SWIFT_COMPILATION_MODE = wholemodule;
				SWIFT_OPTIMIZATION_LEVEL = "-O";
				VALIDATE_PRODUCT = YES;
			};
			name = Release;
		};
		5E709267220E8F99003EEF81 /* Debug */ = {
			isa = XCBuildConfiguration;
			baseConfigurationReference = FBC534FA54A7F13D45E5CF18 /* Pods-StarWarsSearch.debug.xcconfig */;
			buildSettings = {
				ASSETCATALOG_COMPILER_APPICON_NAME = AppIcon;
				CODE_SIGN_STYLE = Automatic;
				DEVELOPMENT_TEAM = AWHG54D99Q;
				INFOPLIST_FILE = StarWarsSearch/Info.plist;
				LD_RUNPATH_SEARCH_PATHS = (
					"$(inherited)",
					"@executable_path/Frameworks",
				);
				PRODUCT_BUNDLE_IDENTIFIER = ZachCervi.StarWarsSearch;
				PRODUCT_NAME = "$(TARGET_NAME)";
				SWIFT_VERSION = 4.2;
				TARGETED_DEVICE_FAMILY = 1;
			};
			name = Debug;
		};
		5E709268220E8F99003EEF81 /* Release */ = {
			isa = XCBuildConfiguration;
			baseConfigurationReference = 3025425A7048F3966893020B /* Pods-StarWarsSearch.release.xcconfig */;
			buildSettings = {
				ASSETCATALOG_COMPILER_APPICON_NAME = AppIcon;
				CODE_SIGN_STYLE = Automatic;
				DEVELOPMENT_TEAM = AWHG54D99Q;
				INFOPLIST_FILE = StarWarsSearch/Info.plist;
				LD_RUNPATH_SEARCH_PATHS = (
					"$(inherited)",
					"@executable_path/Frameworks",
				);
				PRODUCT_BUNDLE_IDENTIFIER = ZachCervi.StarWarsSearch;
				PRODUCT_NAME = "$(TARGET_NAME)";
				SWIFT_VERSION = 4.2;
				TARGETED_DEVICE_FAMILY = 1;
			};
			name = Release;
		};
/* End XCBuildConfiguration section */

/* Begin XCConfigurationList section */
		5E70924F220E8F98003EEF81 /* Build configuration list for PBXProject "StarWarsSearch" */ = {
			isa = XCConfigurationList;
			buildConfigurations = (
				5E709264220E8F99003EEF81 /* Debug */,
				5E709265220E8F99003EEF81 /* Release */,
			);
			defaultConfigurationIsVisible = 0;
			defaultConfigurationName = Release;
		};
		5E709266220E8F99003EEF81 /* Build configuration list for PBXNativeTarget "StarWarsSearch" */ = {
			isa = XCConfigurationList;
			buildConfigurations = (
				5E709267220E8F99003EEF81 /* Debug */,
				5E709268220E8F99003EEF81 /* Release */,
			);
			defaultConfigurationIsVisible = 0;
			defaultConfigurationName = Release;
		};
/* End XCConfigurationList section */
	};
	rootObject = 5E70924C220E8F98003EEF81 /* Project object */;
}
